version = 1
revision = 3
requires-python = "==3.10.*"

[[package]]
name = "annotated-doc"
version = "0.0.4"
source = { registry = "https://pypi.org/simple" }
sdist = { url = "https://files.pythonhosted.org/packages/57/ba/046ceea27344560984e26a590f90bc7f4a75b06701f653222458922b558c/annotated_doc-0.0.4.tar.gz", hash = "sha256:fbcda96e87e9c92ad167c2e53839e57503ecfda18804ea28102353485033faa4", size = 7288, upload-time = "2025-11-10T22:07:42.062Z" }
wheels = [
    { url = "https://files.pythonhosted.org/packages/1e/d3/26bf1008eb3d2daa8ef4cacc7f3bfdc11818d111f7e2d0201bc6e3b49d45/annotated_doc-0.0.4-py3-none-any.whl", hash = "sha256:571ac1dc6991c450b25a9c2d84a3705e2ae7a53467b5d111c24fa8baabbed320", size = 5303, upload-time = "2025-11-10T22:07:40.673Z" },
]

[[package]]
name = "annotated-types"
version = "0.7.0"
source = { registry = "https://pypi.org/simple" }
sdist = { url = "https://files.pythonhosted.org/packages/ee/67/531ea369ba64dcff5ec9c3402f9f51bf748cec26dde048a2f973a4eea7f5/annotated_types-0.7.0.tar.gz", hash = "sha256:aff07c09a53a08bc8cfccb9c85b05f1aa9a2a6f23728d790723543408344ce89", size = 16081, upload-time = "2024-05-20T21:33:25.928Z" }
wheels = [
    { url = "https://files.pythonhosted.org/packages/78/b6/6307fbef88d9b5ee7421e68d78a9f162e0da4900bc5f5793f6d3d0e34fb8/annotated_types-0.7.0-py3-none-any.whl", hash = "sha256:1f02e8b43a8fbbc3f3e0d4f0f4bfc8131bcb4eebe8849b8e5c773f3a1c582a53", size = 13643, upload-time = "2024-05-20T21:33:24.1Z" },
]

[[package]]
name = "anyio"
version = "4.13.0"
source = { registry = "https://pypi.org/simple" }
dependencies = [
    { name = "exceptiongroup" },
    { name = "idna" },
    { name = "typing-extensions" },
]
sdist = { url = "https://files.pythonhosted.org/packages/19/14/2c5dd9f512b66549ae92767a9c7b330ae88e1932ca57876909410251fe13/anyio-4.13.0.tar.gz", hash = "sha256:334b70e641fd2221c1505b3890c69882fe4a2df910cba14d97019b90b24439dc", size = 231622, upload-time = "2026-03-24T12:59:09.671Z" }
wheels = [
    { url = "https://files.pythonhosted.org/packages/da/42/e921fccf5015463e32a3cf6ee7f980a6ed0f395ceeaa45060b61d86486c2/anyio-4.13.0-py3-none-any.whl", hash = "sha256:08b310f9e24a9594186fd75b4f73f4a4152069e3853f1ed8bfbf58369f4ad708", size = 114353, upload-time = "2026-03-24T12:59:08.246Z" },
]

[[package]]
name = "certifi"
version = "2026.4.22"
source = { registry = "https://pypi.org/simple" }
sdist = { url = "https://files.pythonhosted.org/packages/25/ee/6caf7a40c36a1220410afe15a1cc64993a1f864871f698c0f93acb72842a/certifi-2026.4.22.tar.gz", hash = "sha256:8d455352a37b71bf76a79caa83a3d6c25afee4a385d632127b6afb3963f1c580", size = 137077, upload-time = "2026-04-22T11:26:11.191Z" }
wheels = [
    { url = "https://files.pythonhosted.org/packages/22/30/7cd8fdcdfbc5b869528b079bfb76dcdf6056b1a2097a662e5e8c04f42965/certifi-2026.4.22-py3-none-any.whl", hash = "sha256:3cb2210c8f88ba2318d29b0388d1023c8492ff72ecdde4ebdaddbb13a31b1c4a", size = 135707, upload-time = "2026-04-22T11:26:09.372Z" },
]

[[package]]
name = "charset-normalizer"
version = "3.4.7"
source = { registry = "https://pypi.org/simple" }
sdist = { url = "https://files.pythonhosted.org/packages/e7/a1/67fe25fac3c7642725500a3f6cfe5821ad557c3abb11c9d20d12c7008d3e/charset_normalizer-3.4.7.tar.gz", hash = "sha256:ae89db9e5f98a11a4bf50407d4363e7b09b31e55bc117b4f7d80aab97ba009e5", size = 144271, upload-time = "2026-04-02T09:28:39.342Z" }
wheels = [
    { url = "https://files.pythonhosted.org/packages/26/08/0f303cb0b529e456bb116f2d50565a482694fbb94340bf56d44677e7ed03/charset_normalizer-3.4.7-cp310-cp310-macosx_10_9_universal2.whl", hash = "sha256:cdd68a1fb318e290a2077696b7eb7a21a49163c455979c639bf5a5dcdc46617d", size = 315182, upload-time = "2026-04-02T09:25:40.673Z" },
    { url = "https://files.pythonhosted.org/packages/24/47/b192933e94b546f1b1fe4df9cc1f84fcdbf2359f8d1081d46dd029b50207/charset_normalizer-3.4.7-cp310-cp310-manylinux2014_aarch64.manylinux_2_17_aarch64.manylinux_2_28_aarch64.whl", hash = "sha256:e17b8d5d6a8c47c85e68ca8379def1303fd360c3e22093a807cd34a71cd082b8", size = 209329, upload-time = "2026-04-02T09:25:42.354Z" },
    { url = "https://files.pythonhosted.org/packages/c2/b4/01fa81c5ca6141024d89a8fc15968002b71da7f825dd14113207113fabbd/charset_normalizer-3.4.7-cp310-cp310-manylinux2014_ppc64le.manylinux_2_17_ppc64le.manylinux_2_28_ppc64le.whl", hash = "sha256:511ef87c8aec0783e08ac18565a16d435372bc1ac25a91e6ac7f5ef2b0bff790", size = 231230, upload-time = "2026-04-02T09:25:44.281Z" },
    { url = "https://files.pythonhosted.org/packages/20/f7/7b991776844dfa058017e600e6e55ff01984a063290ca5622c0b63162f68/charset_normalizer-3.4.7-cp310-cp310-manylinux2014_s390x.manylinux_2_17_s390x.manylinux_2_28_s390x.whl", hash = "sha256:007d05ec7321d12a40227aae9e2bc6dca73f3cb21058999a1df9e193555a9dcc", size = 225890, upload-time = "2026-04-02T09:25:45.475Z" },
    { url = "https://files.pythonhosted.org/packages/20/e7/bed0024a0f4ab0c8a9c64d4445f39b30c99bd1acd228291959e3de664247/charset_normalizer-3.4.7-cp310-cp310-manylinux2014_x86_64.manylinux_2_17_x86_64.manylinux_2_28_x86_64.whl", hash = "sha256:cf29836da5119f3c8a8a70667b0ef5fdca3bb12f80fd06487cfa575b3909b393", size = 216930, upload-time = "2026-04-02T09:25:46.58Z" },
    { url = "https://files.pythonhosted.org/packages/e2/ab/b18f0ab31cdd7b3ddb8bb76c4a414aeb8160c9810fdf1bc62f269a539d87/charset_normalizer-3.4.7-cp310-cp310-manylinux_2_31_armv7l.whl", hash = "sha256:12d8baf840cc7889b37c7c770f478adea7adce3dcb3944d02ec87508e2dcf153", size = 202109, upload-time = "2026-04-02T09:25:48.031Z" },
    { url = "https://files.pythonhosted.org/packages/82/e5/7e9440768a06dfb3075936490cb82dbf0ee20a133bf0dd8551fa096914ec/charset_normalizer-3.4.7-cp310-cp310-manylinux_2_31_riscv64.manylinux_2_39_riscv64.whl", hash = "sha256:d560742f3c0d62afaccf9f41fe485ed69bd7661a241f86a3ef0f0fb8b1a397af", size = 214684, upload-time = "2026-04-02T09:25:49.245Z" },
    { url = "https://files.pythonhosted.org/packages/71/94/8c61d8da9f062fdf457c80acfa25060ec22bf1d34bbeaca4350f13bcfd07/charset_normalizer-3.4.7-cp310-cp310-musllinux_1_2_aarch64.whl", hash = "sha256:b14b2d9dac08e28bb8046a1a0434b1750eb221c8f5b87a68f4fa11a6f97b5e34", size = 212785, upload-time = "2026-04-02T09:25:50.671Z" },
    { url = "https://files.pythonhosted.org/packages/66/cd/6e9889c648e72c0ab2e5967528bb83508f354d706637bc7097190c874e13/charset_normalizer-3.4.7-cp310-cp310-musllinux_1_2_armv7l.whl", hash = "sha256:bc17a677b21b3502a21f66a8cc64f5bfad4df8a0b8434d661666f8ce90ac3af1", size = 203055, upload-time = "2026-04-02T09:25:51.802Z" },
    { url = "https://files.pythonhosted.org/packages/92/2e/7a951d6a08aefb7eb8e1b54cdfb580b1365afdd9dd484dc4bee9e5d8f258/charset_normalizer-3.4.7-cp310-cp310-musllinux_1_2_ppc64le.whl", hash = "sha256:750e02e074872a3fad7f233b47734166440af3cdea0add3e95163110816d6752", size = 232502, upload-time = "2026-04-02T09:25:53.388Z" },
    { url = "https://files.pythonhosted.org/packages/58/d5/abcf2d83bf8e0a1286df55cd0dc1d49af0da4282aa77e986df343e7de124/charset_normalizer-3.4.7-cp310-cp310-musllinux_1_2_riscv64.whl", hash = "sha256:4e5163c14bffd570ef2affbfdd77bba66383890797df43dc8b4cc7d6f500bf53", size = 214295, upload-time = "2026-04-02T09:25:54.765Z" },
    { url = "https://files.pythonhosted.org/packages/47/3a/7d4cd7ed54be99973a0dc176032cba5cb1f258082c31fa6df35cff46acfc/charset_normalizer-3.4.7-cp310-cp310-musllinux_1_2_s390x.whl", hash = "sha256:6ed74185b2db44f41ef35fd1617c5888e59792da9bbc9190d6c7300617182616", size = 227145, upload-time = "2026-04-02T09:25:55.904Z" },
    { url = "https://files.pythonhosted.org/packages/1d/98/3a45bf8247889cf28262ebd3d0872edff11565b2a1e3064ccb132db3fbb0/charset_normalizer-3.4.7-cp310-cp310-musllinux_1_2_x86_64.whl", hash = "sha256:94e1885b270625a9a828c9793b4d52a64445299baa1fea5a173bf1d3dd9a1a5a", size = 218884, upload-time = "2026-04-02T09:25:57.074Z" },
    { url = "https://files.pythonhosted.org/packages/ad/80/2e8b7f8915ed5c9ef13aa828d82738e33888c485b65ebf744d615040c7ea/charset_normalizer-3.4.7-cp310-cp310-win32.whl", hash = "sha256:6785f414ae0f3c733c437e0f3929197934f526d19dfaa75e18fdb4f94c6fb374", size = 148343, upload-time = "2026-04-02T09:25:58.199Z" },
    { url = "https://files.pythonhosted.org/packages/35/1b/3b8c8c77184af465ee9ad88b5aea46ea6b2e1f7b9dc9502891e37af21e30/charset_normalizer-3.4.7-cp310-cp310-win_amd64.whl", hash = "sha256:6696b7688f54f5af4462118f0bfa7c1621eeb87154f77fa04b9295ce7a8f2943", size = 159174, upload-time = "2026-04-02T09:25:59.322Z" },
    { url = "https://files.pythonhosted.org/packages/be/c1/feb40dca40dbb21e0a908801782d9288c64fc8d8e562c2098e9994c8c21b/charset_normalizer-3.4.7-cp310-cp310-win_arm64.whl", hash = "sha256:66671f93accb62ed07da56613636f3641f1a12c13046ce91ffc923721f23c008", size = 147805, upload-time = "2026-04-02T09:26:00.756Z" },
    { url = "https://files.pythonhosted.org/packages/db/8f/61959034484a4a7c527811f4721e75d02d653a35afb0b6054474d8185d4c/charset_normalizer-3.4.7-py3-none-any.whl", hash = "sha256:3dce51d0f5e7951f8bb4900c257dad282f49190fdbebecd4ba99bcc41fef404d", size = 61958, upload-time = "2026-04-02T09:28:37.794Z" },
]

[[package]]
name = "click"
version = "8.3.2"
source = { registry = "https://pypi.org/simple" }
dependencies = [
    { name = "colorama", marker = "sys_platform == 'win32'" },
]
sdist = { url = "https://files.pythonhosted.org/packages/57/75/31212c6bf2503fdf920d87fee5d7a86a2e3bcf444984126f13d8e4016804/click-8.3.2.tar.gz", hash = "sha256:14162b8b3b3550a7d479eafa77dfd3c38d9dc8951f6f69c78913a8f9a7540fd5", size = 302856, upload-time = "2026-04-03T19:14:45.118Z" }
wheels = [
    { url = "https://files.pythonhosted.org/packages/e4/20/71885d8b97d4f3dde17b1fdb92dbd4908b00541c5a3379787137285f602e/click-8.3.2-py3-none-any.whl", hash = "sha256:1924d2c27c5653561cd2cae4548d1406039cb79b858b747cfea24924bbc1616d", size = 108379, upload-time = "2026-04-03T19:14:43.505Z" },
]

[[package]]
name = "colorama"
version = "0.4.6"
source = { registry = "https://pypi.org/simple" }
sdist = { url = "https://files.pythonhosted.org/packages/d8/53/6f443c9a4a8358a93a6792e2acffb9d9d5cb0a5cfd8802644b7b1c9a02e4/colorama-0.4.6.tar.gz", hash = "sha256:08695f5cb7ed6e0531a20572697297273c47b8cae5a63ffc6d6ed5c201be6e44", size = 27697, upload-time = "2022-10-25T02:36:22.414Z" }
wheels = [
    { url = "https://files.pythonhosted.org/packages/d1/d6/3965ed04c63042e047cb6a3e6ed1a63a35087b6a609aa3a15ed8ac56c221/colorama-0.4.6-py2.py3-none-any.whl", hash = "sha256:4f1d9991f5acc0ca119f9d443620b77f9d6b33703e51011c16baf57afb285fc6", size = 25335, upload-time = "2022-10-25T02:36:20.889Z" },
]

[[package]]
name = "exceptiongroup"
version = "1.3.1"
source = { registry = "https://pypi.org/simple" }
dependencies = [
    { name = "typing-extensions" },
]
sdist = { url = "https://files.pythonhosted.org/packages/50/79/66800aadf48771f6b62f7eb014e352e5d06856655206165d775e675a02c9/exceptiongroup-1.3.1.tar.gz", hash = "sha256:8b412432c6055b0b7d14c310000ae93352ed6754f70fa8f7c34141f91c4e3219", size = 30371, upload-time = "2025-11-21T23:01:54.787Z" }
wheels = [
    { url = "https://files.pythonhosted.org/packages/8a/0e/97c33bf5009bdbac74fd2beace167cab3f978feb69cc36f1ef79360d6c4e/exceptiongroup-1.3.1-py3-none-any.whl", hash = "sha256:a7a39a3bd276781e98394987d3a5701d0c4edffb633bb7a5144577f82c773598", size = 16740, upload-time = "2025-11-21T23:01:53.443Z" },
]

[[package]]
name = "fastapi"
version = "0.136.1"
source = { registry = "https://pypi.org/simple" }
dependencies = [
    { name = "annotated-doc" },
    { name = "pydantic" },
    { name = "starlette" },
    { name = "typing-extensions" },
    { name = "typing-inspection" },
]
sdist = { url = "https://files.pythonhosted.org/packages/5d/45/c130091c2dfa061bbfe3150f2a5091ef1adf149f2a8d2ae769ecaf6e99a2/fastapi-0.136.1.tar.gz", hash = "sha256:7af665ad7acfa0a3baf8983d393b6b471b9da10ede59c60045f49fbc89a0fa7f", size = 397448, upload-time = "2026-04-23T16:49:44.046Z" }
wheels = [
    { url = "https://files.pythonhosted.org/packages/5a/ff/2e4eca3ade2c22fe1dea7043b8ee9dabe47753349eb1b56a202de8af6349/fastapi-0.136.1-py3-none-any.whl", hash = "sha256:a6e9d7eeada96c93a4d69cb03836b44fa34e2854accb7244a1ece36cd4781c3f", size = 117683, upload-time = "2026-04-23T16:49:42.437Z" },
]

[[package]]
name = "h11"
version = "0.16.0"
source = { registry = "https://pypi.org/simple" }
sdist = { url = "https://files.pythonhosted.org/packages/01/ee/02a2c011bdab74c6fb3c75474d40b3052059d95df7e73351460c8588d963/h11-0.16.0.tar.gz", hash = "sha256:4e35b956cf45792e4caa5885e69fba00bdbc6ffafbfa020300e549b208ee5ff1", size = 101250, upload-time = "2025-04-24T03:35:25.427Z" }
wheels = [
    { url = "https://files.pythonhosted.org/packages/04/4b/29cac41a4d98d144bf5f6d33995617b185d14b22401f75ca86f384e87ff1/h11-0.16.0-py3-none-any.whl", hash = "sha256:63cf8bbe7522de3bf65932fda1d9c2772064ffb3dae62d55932da54b31cb6c86", size = 37515, upload-time = "2025-04-24T03:35:24.344Z" },
]

[[package]]
name = "idna"
version = "3.13"
source = { registry = "https://pypi.org/simple" }
sdist = { url = "https://files.pythonhosted.org/packages/ce/cc/762dfb036166873f0059f3b7de4565e1b5bc3d6f28a414c13da27e442f99/idna-3.13.tar.gz", hash = "sha256:585ea8fe5d69b9181ec1afba340451fba6ba764af97026f92a91d4eef164a242", size = 194210, upload-time = "2026-04-22T16:42:42.314Z" }
wheels = [
    { url = "https://files.pythonhosted.org/packages/5d/13/ad7d7ca3808a898b4612b6fe93cde56b53f3034dcde235acb1f0e1df24c6/idna-3.13-py3-none-any.whl", hash = "sha256:892ea0cde124a99ce773decba204c5552b69c3c67ffd5f232eb7696135bc8bb3", size = 68629, upload-time = "2026-04-22T16:42:40.909Z" },
]

[[package]]
name = "order-item2vec"
version = "0.1.0"
source = { virtual = "." }
dependencies = [
    { name = "fastapi" },
    { name = "requests" },
    { name = "uvicorn" },
]

[package.metadata]
requires-dist = [
    { name = "fastapi", specifier = ">=0.136.1" },
    { name = "requests", specifier = ">=2.33.1" },
    { name = "uvicorn", specifier = ">=0.45.0" },
]

[package.metadata.requires-dev]
dev = []

[[package]]
name = "pydantic"
version = "2.13.3"
source = { registry = "https://pypi.org/simple" }
dependencies = [
    { name = "annotated-types" },
    { name = "pydantic-core" },
    { name = "typing-extensions" },
    { name = "typing-inspection" },
]
sdist = { url = "https://files.pythonhosted.org/packages/d9/e4/40d09941a2cebcb20609b86a559817d5b9291c49dd6f8c87e5feffbe703a/pydantic-2.13.3.tar.gz", hash = "sha256:af09e9d1d09f4e7fe37145c1f577e1d61ceb9a41924bf0094a36506285d0a84d", size = 844068, upload-time = "2026-04-20T14:46:43.632Z" }
wheels = [
    { url = "https://files.pythonhosted.org/packages/f3/0a/fd7d723f8f8153418fb40cf9c940e82004fce7e987026b08a68a36dd3fe7/pydantic-2.13.3-py3-none-any.whl", hash = "sha256:6db14ac8dfc9a1e57f87ea2c0de670c251240f43cb0c30a5130e9720dc612927", size = 471981, upload-time = "2026-04-20T14:46:41.402Z" },
]

[[package]]
name = "pydantic-core"
version = "2.46.3"
source = { registry = "https://pypi.org/simple" }
dependencies = [
    { name = "typing-extensions" },
]
sdist = { url = "https://files.pythonhosted.org/packages/2a/ef/f7abb56c49382a246fd2ce9c799691e3c3e7175ec74b14d99e798bcddb1a/pydantic_core-2.46.3.tar.gz", hash = "sha256:41c178f65b8c29807239d47e6050262eb6bf84eb695e41101e62e38df4a5bc2c", size = 471412, upload-time = "2026-04-20T14:40:56.672Z" }
wheels = [
    { url = "https://files.pythonhosted.org/packages/22/98/b50eb9a411e87483b5c65dba4fa430a06bac4234d3403a40e5a9905ebcd0/pydantic_core-2.46.3-cp310-cp310-macosx_10_12_x86_64.whl", hash = "sha256:1da3786b8018e60349680720158cc19161cc3b4bdd815beb0a321cd5ce1ad5b1", size = 2108971, upload-time = "2026-04-20T14:43:51.945Z" },
    { url = "https://files.pythonhosted.org/packages/08/4b/f364b9d161718ff2217160a4b5d41ce38de60aed91c3689ebffa1c939d23/pydantic_core-2.46.3-cp310-cp310-macosx_11_0_arm64.whl", hash = "sha256:cc0988cb29d21bf4a9d5cf2ef970b5c0e38d8d8e107a493278c05dc6c1dda69f", size = 1949588, upload-time = "2026-04-20T14:44:10.386Z" },
    { url = "https://files.pythonhosted.org/packages/8f/8b/30bd03ee83b2f5e29f5ba8e647ab3c456bf56f2ec72fdbcc0215484a0854/pydantic_core-2.46.3-cp310-cp310-manylinux_2_17_aarch64.manylinux2014_aarch64.whl", hash = "sha256:27f9067c3bfadd04c55484b89c0d267981b2f3512850f6f66e1e74204a4e4ce3", size = 1975986, upload-time = "2026-04-20T14:43:57.106Z" },
    { url = "https://files.pythonhosted.org/packages/3c/54/13ccf954d84ec275d5d023d5786e4aa48840bc9f161f2838dc98e1153518/pydantic_core-2.46.3-cp310-cp310-manylinux_2_17_armv7l.manylinux2014_armv7l.whl", hash = "sha256:a642ac886ecf6402d9882d10c405dcf4b902abeb2972cd5fb4a48c83cd59279a", size = 2055830, upload-time = "2026-04-20T14:44:15.499Z" },
    { url = "https://files.pythonhosted.org/packages/be/0e/65f38125e660fdbd72aa858e7dfae893645cfa0e7b13d333e174a367cd23/pydantic_core-2.46.3-cp310-cp310-manylinux_2_17_ppc64le.manylinux2014_ppc64le.whl", hash = "sha256:79f561438481f28681584b89e2effb22855e2179880314bcddbf5968e935e807", size = 2222340, upload-time = "2026-04-20T14:41:51.353Z" },
    { url = "https://files.pythonhosted.org/packages/d1/88/f3ab7739efe0e7e80777dbb84c59eb98518e3f57ea433206194c2e425272/pydantic_core-2.46.3-cp310-cp310-manylinux_2_17_s390x.manylinux2014_s390x.whl", hash = "sha256:57a973eae4665352a47cf1a99b4ee864620f2fe663a217d7a8da68a1f3a5bfda", size = 2280727, upload-time = "2026-04-20T14:41:30.461Z" },
    { url = "https://files.pythonhosted.org/packages/2a/6d/c228219080817bec4982f9531cadb18da6aaa770fdeb114f49c237ac2c9f/pydantic_core-2.46.3-cp310-cp310-manylinux_2_17_x86_64.manylinux2014_x86_64.whl", hash = "sha256:83d002b97072a53ea150d63e0a3adfae5670cef5aa8a6e490240e482d3b22e57", size = 2092158, upload-time = "2026-04-20T14:44:07.305Z" },
    { url = "https://files.pythonhosted.org/packages/0f/b1/525a16711e7c6d61635fac3b0bd54600b5c5d9f60c6fc5aaab26b64a2297/pydantic_core-2.46.3-cp310-cp310-manylinux_2_31_riscv64.whl", hash = "sha256:b40ddd51e7c44b28cfaef746c9d3c506d658885e0a46f9eeef2ee815cbf8e045", size = 2116626, upload-time = "2026-04-20T14:42:34.118Z" },
    { url = "https://files.pythonhosted.org/packages/ef/7c/17d30673351439a6951bf54f564cf2443ab00ae264ec9df00e2efd710eb5/pydantic_core-2.46.3-cp310-cp310-manylinux_2_5_i686.manylinux1_i686.whl", hash = "sha256:ac5ec7fb9b87f04ee839af2d53bcadea57ded7d229719f56c0ed895bff987943", size = 2160691, upload-time = "2026-04-20T14:41:14.023Z" },
    { url = "https://files.pythonhosted.org/packages/86/66/af8adbcbc0886ead7f1a116606a534d75a307e71e6e08226000d51b880d2/pydantic_core-2.46.3-cp310-cp310-musllinux_1_1_aarch64.whl", hash = "sha256:a3b11c812f61b3129c4905781a2601dfdfdea5fe1e6c1cfb696b55d14e9c054f", size = 2182543, upload-time = "2026-04-20T14:40:48.886Z" },
    { url = "https://files.pythonhosted.org/packages/b0/37/6de71e0f54c54a4190010f57deb749e1ddf75c568ada3b1320b70067f121/pydantic_core-2.46.3-cp310-cp310-musllinux_1_1_armv7l.whl", hash = "sha256:1108da631e602e5b3c38d6d04fe5bb3bfa54349e6918e3ca6cf570b2e2b2f9d4", size = 2324513, upload-time = "2026-04-20T14:42:36.121Z" },
    { url = "https://files.pythonhosted.org/packages/51/b1/9fc74ce94f603d5ef59ff258ca9c2c8fb902fb548d340a96f77f4d1c3b7f/pydantic_core-2.46.3-cp310-cp310-musllinux_1_1_x86_64.whl", hash = "sha256:de885175515bcfa98ae618c1df7a072f13d179f81376c8007112af20567fd08a", size = 2361853, upload-time = "2026-04-20T14:43:24.886Z" },
    { url = "https://files.pythonhosted.org/packages/40/d0/4c652fc592db35f100279ee751d5a145aca1b9a7984b9684ba7c1b5b0535/pydantic_core-2.46.3-cp310-cp310-win32.whl", hash = "sha256:d11058e3201527d41bc6b545c79187c9e4bf85e15a236a6007f0e991518882b7", size = 1980465, upload-time = "2026-04-20T14:44:46.239Z" },
    { url = "https://files.pythonhosted.org/packages/27/b8/a920453c38afbe1f355e1ea0b0d94a0a3e0b0879d32d793108755fa171d5/pydantic_core-2.46.3-cp310-cp310-win_amd64.whl", hash = "sha256:3612edf65c8ea67ac13616c4d23af12faef1ae435a8a93e5934c2a0cbbdd1fd6", size = 2073884, upload-time = "2026-04-20T14:43:01.201Z" },
]

[[package]]
name = "requests"
version = "2.33.1"
source = { registry = "https://pypi.org/simple" }
dependencies = [
    { name = "certifi" },
    { name = "charset-normalizer" },
    { name = "idna" },
    { name = "urllib3" },
]
sdist = { url = "https://files.pythonhosted.org/packages/5f/a4/98b9c7c6428a668bf7e42ebb7c79d576a1c3c1e3ae2d47e674b468388871/requests-2.33.1.tar.gz", hash = "sha256:18817f8c57c6263968bc123d237e3b8b08ac046f5456bd1e307ee8f4250d3517", size = 134120, upload-time = "2026-03-30T16:09:15.531Z" }
wheels = [
    { url = "https://files.pythonhosted.org/packages/d7/8e/7540e8a2036f79a125c1d2ebadf69ed7901608859186c856fa0388ef4197/requests-2.33.1-py3-none-any.whl", hash = "sha256:4e6d1ef462f3626a1f0a0a9c42dd93c63bad33f9f1c1937509b8c5c8718ab56a", size = 64947, upload-time = "2026-03-30T16:09:13.83Z" },
]

[[package]]
name = "starlette"
version = "1.0.0"
source = { registry = "https://pypi.org/simple" }
dependencies = [
    { name = "anyio" },
    { name = "typing-extensions" },
]
sdist = { url = "https://files.pythonhosted.org/packages/81/69/17425771797c36cded50b7fe44e850315d039f28b15901ab44839e70b593/starlette-1.0.0.tar.gz", hash = "sha256:6a4beaf1f81bb472fd19ea9b918b50dc3a77a6f2e190a12954b25e6ed5eea149", size = 2655289, upload-time = "2026-03-22T18:29:46.779Z" }
wheels = [
    { url = "https://files.pythonhosted.org/packages/0b/c9/584bc9651441b4ba60cc4d557d8a547b5aff901af35bda3a4ee30c819b82/starlette-1.0.0-py3-none-any.whl", hash = "sha256:d3ec55e0bb321692d275455ddfd3df75fff145d009685eb40dc91fc66b03d38b", size = 72651, upload-time = "2026-03-22T18:29:45.111Z" },
]

[[package]]
name = "typing-extensions"
version = "4.15.0"
source = { registry = "https://pypi.org/simple" }
sdist = { url = "https://files.pythonhosted.org/packages/72/94/1a15dd82efb362ac84269196e94cf00f187f7ed21c242792a923cdb1c61f/typing_extensions-4.15.0.tar.gz", hash = "sha256:0cea48d173cc12fa28ecabc3b837ea3cf6f38c6d1136f85cbaaf598984861466", size = 109391, upload-time = "2025-08-25T13:49:26.313Z" }
wheels = [
    { url = "https://files.pythonhosted.org/packages/18/67/36e9267722cc04a6b9f15c7f3441c2363321a3ea07da7ae0c0707beb2a9c/typing_extensions-4.15.0-py3-none-any.whl", hash = "sha256:f0fa19c6845758ab08074a0cfa8b7aecb71c999ca73d62883bc25cc018c4e548", size = 44614, upload-time = "2025-08-25T13:49:24.86Z" },
]

[[package]]
name = "typing-inspection"
version = "0.4.2"
source = { registry = "https://pypi.org/simple" }
dependencies = [
    { name = "typing-extensions" },
]
sdist = { url = "https://files.pythonhosted.org/packages/55/e3/70399cb7dd41c10ac53367ae42139cf4b1ca5f36bb3dc6c9d33acdb43655/typing_inspection-0.4.2.tar.gz", hash = "sha256:ba561c48a67c5958007083d386c3295464928b01faa735ab8547c5692e87f464", size = 75949, upload-time = "2025-10-01T02:14:41.687Z" }
wheels = [
    { url = "https://files.pythonhosted.org/packages/dc/9b/47798a6c91d8bdb567fe2698fe81e0c6b7cb7ef4d13da4114b41d239f65d/typing_inspection-0.4.2-py3-none-any.whl", hash = "sha256:4ed1cacbdc298c220f1bd249ed5287caa16f34d44ef4e9c3d0cbad5b521545e7", size = 14611, upload-time = "2025-10-01T02:14:40.154Z" },
]

[[package]]
name = "urllib3"
version = "2.6.3"
source = { registry = "https://pypi.org/simple" }
sdist = { url = "https://files.pythonhosted.org/packages/c7/24/5f1b3bdffd70275f6661c76461e25f024d5a38a46f04aaca912426a2b1d3/urllib3-2.6.3.tar.gz", hash = "sha256:1b62b6884944a57dbe321509ab94fd4d3b307075e0c2eae991ac71ee15ad38ed", size = 435556, upload-time = "2026-01-07T16:24:43.925Z" }
wheels = [
    { url = "https://files.pythonhosted.org/packages/39/08/aaaad47bc4e9dc8c725e68f9d04865dbcb2052843ff09c97b08904852d84/urllib3-2.6.3-py3-none-any.whl", hash = "sha256:bf272323e553dfb2e87d9bfd225ca7b0f467b919d7bbd355436d3fd37cb0acd4", size = 131584, upload-time = "2026-01-07T16:24:42.685Z" },
]

[[package]]
name = "uvicorn"
version = "0.45.0"
source = { registry = "https://pypi.org/simple" }
dependencies = [
    { name = "click" },
    { name = "h11" },
    { name = "typing-extensions" },
]
sdist = { url = "https://files.pythonhosted.org/packages/eb/2e/62b0d9a2cfc8b4de6771322dae30f2db76c66dae9ec32e94e176a44ad563/uvicorn-0.45.0.tar.gz", hash = "sha256:3fe650df136c5bd2b9b06efc5980636344a2fbb840e9ddd86437d53144fa335d", size = 87818, upload-time = "2026-04-21T10:43:46.815Z" }
wheels = [
    { url = "https://files.pythonhosted.org/packages/c1/88/d0f7512465b166a4e931ccf7e77792be60fb88466a43964c7566cbaff752/uvicorn-0.45.0-py3-none-any.whl", hash = "sha256:2db26f588131aeec7439de00f2dd52d5f210710c1f01e407a52c90b880d1fd4f", size = 69838, upload-time = "2026-04-21T10:43:45.029Z" },
]
